// !$*UTF8*$!
{
	archiveVersion = 1;
	classes = {
	};
	objectVersion = 46;
	objects = {

/* Begin PBXBuildFile section */
		C844AAF21B8D7D210066926E /* JavaScriptCore.framework in Frameworks */ = {isa = PBXBuildFile; fileRef = C844AAF11B8D7D210066926E /* JavaScriptCore.framework */; };
		C8D74EFD1B9422AD008666A1 /* CopyConnection.framework in Frameworks */ = {isa = PBXBuildFile; fileRef = C8D74EC41B9422AD008666A1 /* CopyConnection.framework */; };
		C8D74EFE1B9422AD008666A1 /* FacebookConnection.framework in Frameworks */ = {isa = PBXBuildFile; fileRef = C8D74EC51B9422AD008666A1 /* FacebookConnection.framework */; };
		C8D74EFF1B9422AD008666A1 /* MailConnection.framework in Frameworks */ = {isa = PBXBuildFile; fileRef = C8D74EC61B9422AD008666A1 /* MailConnection.framework */; };
		C8D74F001B9422AD008666A1 /* QQConnection.framework in Frameworks */ = {isa = PBXBuildFile; fileRef = C8D74EC71B9422AD008666A1 /* QQConnection.framework */; };
		C8D74F011B9422AD008666A1 /* QZoneConnection.framework in Frameworks */ = {isa = PBXBuildFile; fileRef = C8D74EC81B9422AD008666A1 /* QZoneConnection.framework */; };
		C8D74F021B9422AD008666A1 /* RenRenConnection.framework in Frameworks */ = {isa = PBXBuildFile; fileRef = C8D74EC91B9422AD008666A1 /* RenRenConnection.framework */; };
		C8D74F031B9422AD008666A1 /* SinaWeiboConnection.framework in Frameworks */ = {isa = PBXBuildFile; fileRef = C8D74ECA1B9422AD008666A1 /* SinaWeiboConnection.framework */; };
		C8D74F041B9422AD008666A1 /* SMSConnection.framework in Frameworks */ = {isa = PBXBuildFile; fileRef = C8D74ECB1B9422AD008666A1 /* SMSConnection.framework */; };
		C8D74F051B9422AD008666A1 /* TencentWeiboConnection.framework in Frameworks */ = {isa = PBXBuildFile; fileRef = C8D74ECC1B9422AD008666A1 /* TencentWeiboConnection.framework */; };
		C8D74F061B9422AD008666A1 /* TwitterConnection.framework in Frameworks */ = {isa = PBXBuildFile; fileRef = C8D74ECD1B9422AD008666A1 /* TwitterConnection.framework */; };
		C8D74F071B9422AD008666A1 /* WeChatConnection.framework in Frameworks */ = {isa = PBXBuildFile; fileRef = C8D74ECE1B9422AD008666A1 /* WeChatConnection.framework */; };
		C8D74F081B9422AD008666A1 /* AGCommon.framework in Frameworks */ = {isa = PBXBuildFile; fileRef = C8D74ED01B9422AD008666A1 /* AGCommon.framework */; };
		C8D74F091B9422AD008666A1 /* ShareSDKLocalizable.strings in Resources */ = {isa = PBXBuildFile; fileRef = C8D74ED11B9422AD008666A1 /* ShareSDKLocalizable.strings */; };
		C8D74F0A1B9422AD008666A1 /* MOBFoundation.framework in Frameworks */ = {isa = PBXBuildFile; fileRef = C8D74ED31B9422AD008666A1 /* MOBFoundation.framework */; };
		C8D74F0B1B9422AD008666A1 /* Resource.bundle in Resources */ = {isa = PBXBuildFile; fileRef = C8D74ED41B9422AD008666A1 /* Resource.bundle */; };
		C8D74F0C1B9422AD008666A1 /* ShareSDKCoreService.framework in Frameworks */ = {isa = PBXBuildFile; fileRef = C8D74ED51B9422AD008666A1 /* ShareSDKCoreService.framework */; };
		C8D74F0D1B9422AD008666A1 /* TencentOpenAPI.framework in Frameworks */ = {isa = PBXBuildFile; fileRef = C8D74ED91B9422AD008666A1 /* TencentOpenAPI.framework */; };
		C8D74F0E1B9422AD008666A1 /* TencentOpenApi_IOS_Bundle.bundle in Resources */ = {isa = PBXBuildFile; fileRef = C8D74EDA1B9422AD008666A1 /* TencentOpenApi_IOS_Bundle.bundle */; };
		C8D74F0F1B9422AD008666A1 /* RennSDK.bundle in Resources */ = {isa = PBXBuildFile; fileRef = C8D74EDC1B9422AD008666A1 /* RennSDK.bundle */; };
		C8D74F101B9422AD008666A1 /* RennSDK.framework in Frameworks */ = {isa = PBXBuildFile; fileRef = C8D74EDD1B9422AD008666A1 /* RennSDK.framework */; };
		C8D74F111B9422AD008666A1 /* libWeiboSDK.a in Frameworks */ = {isa = PBXBuildFile; fileRef = C8D74EDF1B9422AD008666A1 /* libWeiboSDK.a */; };
		C8D74F121B9422AD008666A1 /* WeiboSDK.bundle in Resources */ = {isa = PBXBuildFile; fileRef = C8D74EE81B9422AD008666A1 /* WeiboSDK.bundle */; };
		C8D74F131B9422AD008666A1 /* libWeChatSDK.a in Frameworks */ = {isa = PBXBuildFile; fileRef = C8D74EEC1B9422AD008666A1 /* libWeChatSDK.a */; };
		C8D74F141B9422AD008666A1 /* ShareSDK.framework in Frameworks */ = {isa = PBXBuildFile; fileRef = C8D74EEF1B9422AD008666A1 /* ShareSDK.framework */; };
		C8D74F151B9422AD008666A1 /* ShareSDKFlatShareViewUI.bundle in Resources */ = {isa = PBXBuildFile; fileRef = C8D74EF11B9422AD008666A1 /* ShareSDKFlatShareViewUI.bundle */; };
		C8D74F161B9422AD008666A1 /* ShareSDKFlatShareViewUI.framework in Frameworks */ = {isa = PBXBuildFile; fileRef = C8D74EF21B9422AD008666A1 /* ShareSDKFlatShareViewUI.framework */; };
		C8D74F171B9422AD008666A1 /* ShareSDKiPadDefaultShareViewUI.bundle in Resources */ = {isa = PBXBuildFile; fileRef = C8D74EF31B9422AD008666A1 /* ShareSDKiPadDefaultShareViewUI.bundle */; };
		C8D74F181B9422AD008666A1 /* ShareSDKiPadDefaultShareViewUI.framework in Frameworks */ = {isa = PBXBuildFile; fileRef = C8D74EF41B9422AD008666A1 /* ShareSDKiPadDefaultShareViewUI.framework */; };
		C8D74F191B9422AD008666A1 /* ShareSDKiPadSimpleShareViewUI.bundle in Resources */ = {isa = PBXBuildFile; fileRef = C8D74EF51B9422AD008666A1 /* ShareSDKiPadSimpleShareViewUI.bundle */; };
		C8D74F1A1B9422AD008666A1 /* ShareSDKiPadSimpleShareViewUI.framework in Frameworks */ = {isa = PBXBuildFile; fileRef = C8D74EF61B9422AD008666A1 /* ShareSDKiPadSimpleShareViewUI.framework */; };
		C8D74F1B1B9422AD008666A1 /* ShareSDKiPhoneAppRecommendShareViewUI.framework in Frameworks */ = {isa = PBXBuildFile; fileRef = C8D74EF71B9422AD008666A1 /* ShareSDKiPhoneAppRecommendShareViewUI.framework */; };
		C8D74F1C1B9422AD008666A1 /* ShareSDKiPhoneDefaultShareViewUI.bundle in Resources */ = {isa = PBXBuildFile; fileRef = C8D74EF81B9422AD008666A1 /* ShareSDKiPhoneDefaultShareViewUI.bundle */; };
		C8D74F1D1B9422AD008666A1 /* ShareSDKiPhoneDefaultShareViewUI.framework in Frameworks */ = {isa = PBXBuildFile; fileRef = C8D74EF91B9422AD008666A1 /* ShareSDKiPhoneDefaultShareViewUI.framework */; };
		C8D74F1E1B9422AD008666A1 /* ShareSDKiPhoneSimpleShareViewUI.bundle in Resources */ = {isa = PBXBuildFile; fileRef = C8D74EFA1B9422AD008666A1 /* ShareSDKiPhoneSimpleShareViewUI.bundle */; };
		C8D74F1F1B9422AD008666A1 /* ShareSDKiPhoneSimpleShareViewUI.framework in Frameworks */ = {isa = PBXBuildFile; fileRef = C8D74EFB1B9422AD008666A1 /* ShareSDKiPhoneSimpleShareViewUI.framework */; };
		C8D74F201B9422AD008666A1 /* ShareSDKShareActionSheet.framework in Frameworks */ = {isa = PBXBuildFile; fileRef = C8D74EFC1B9422AD008666A1 /* ShareSDKShareActionSheet.framework */; };
		E5CF58471A4E9D19006F0552 /* main.m in Sources */ = {isa = PBXBuildFile; fileRef = E5CF58461A4E9D19006F0552 /* main.m */; };
		E5CF584A1A4E9D19006F0552 /* AppDelegate.m in Sources */ = {isa = PBXBuildFile; fileRef = E5CF58491A4E9D19006F0552 /* AppDelegate.m */; };
		E5CF584D1A4E9D19006F0552 /* ShareSDKEasyDemo.xcdatamodeld in Sources */ = {isa = PBXBuildFile; fileRef = E5CF584B1A4E9D19006F0552 /* ShareSDKEasyDemo.xcdatamodeld */; };
		E5CF58501A4E9D19006F0552 /* ViewController.m in Sources */ = {isa = PBXBuildFile; fileRef = E5CF584F1A4E9D19006F0552 /* ViewController.m */; };
		E5CF58531A4E9D19006F0552 /* Main.storyboard in Resources */ = {isa = PBXBuildFile; fileRef = E5CF58511A4E9D19006F0552 /* Main.storyboard */; };
		E5CF58551A4E9D19006F0552 /* Images.xcassets in Resources */ = {isa = PBXBuildFile; fileRef = E5CF58541A4E9D19006F0552 /* Images.xcassets */; };
		E5CF58581A4E9D19006F0552 /* LaunchScreen.xib in Resources */ = {isa = PBXBuildFile; fileRef = E5CF58561A4E9D19006F0552 /* LaunchScreen.xib */; };
		E5CF59091A527C71006F0552 /* SystemConfiguration.framework in Frameworks */ = {isa = PBXBuildFile; fileRef = E5CF59081A527C71006F0552 /* SystemConfiguration.framework */; };
		E5CF590B1A527C7C006F0552 /* QuartzCore.framework in Frameworks */ = {isa = PBXBuildFile; fileRef = E5CF590A1A527C7C006F0552 /* QuartzCore.framework */; };
		E5CF590D1A527C88006F0552 /* CoreTelephony.framework in Frameworks */ = {isa = PBXBuildFile; fileRef = E5CF590C1A527C88006F0552 /* CoreTelephony.framework */; };
		E5CF590F1A527C94006F0552 /* libicucore.dylib in Frameworks */ = {isa = PBXBuildFile; fileRef = E5CF590E1A527C94006F0552 /* libicucore.dylib */; };
		E5CF59111A527CA0006F0552 /* libz.1.2.5.dylib in Frameworks */ = {isa = PBXBuildFile; fileRef = E5CF59101A527CA0006F0552 /* libz.1.2.5.dylib */; };
		E5CF59131A527CAA006F0552 /* Security.framework in Frameworks */ = {isa = PBXBuildFile; fileRef = E5CF59121A527CAA006F0552 /* Security.framework */; };
		E5CF59171A527D0E006F0552 /* libstdc++.dylib in Frameworks */ = {isa = PBXBuildFile; fileRef = E5CF59161A527D0E006F0552 /* libstdc++.dylib */; };
		E5CF59191A527D1A006F0552 /* libsqlite3.dylib in Frameworks */ = {isa = PBXBuildFile; fileRef = E5CF59181A527D1A006F0552 /* libsqlite3.dylib */; };
		E5CF591C1A527D51006F0552 /* Social.framework in Frameworks */ = {isa = PBXBuildFile; fileRef = E5CF591B1A527D51006F0552 /* Social.framework */; };
		E5CF591E1A527D57006F0552 /* Accounts.framework in Frameworks */ = {isa = PBXBuildFile; fileRef = E5CF591D1A527D57006F0552 /* Accounts.framework */; };
		E5CF59211A527D7F006F0552 /* MessageUI.framework in Frameworks */ = {isa = PBXBuildFile; fileRef = E5CF59201A527D7F006F0552 /* MessageUI.framework */; };
		E5CF59231A528E4F006F0552 /* ShareSDK.jpg in Resources */ = {isa = PBXBuildFile; fileRef = E5CF59221A528E4F006F0552 /* ShareSDK.jpg */; };
		E5E055BE1A8C51C2003784E5 /* ImageIO.framework in Frameworks */ = {isa = PBXBuildFile; fileRef = E5E055BC1A8C5196003784E5 /* ImageIO.framework */; };
/* End PBXBuildFile section */

/* Begin PBXFileReference section */
		C844AAF11B8D7D210066926E /* JavaScriptCore.framework */ = {isa = PBXFileReference; lastKnownFileType = wrapper.framework; name = JavaScriptCore.framework; path = System/Library/Frameworks/JavaScriptCore.framework; sourceTree = SDKROOT; };
		C8D74EC41B9422AD008666A1 /* CopyConnection.framework */ = {isa = PBXFileReference; lastKnownFileType = wrapper.framework; path = CopyConnection.framework; sourceTree = "<group>"; };
		C8D74EC51B9422AD008666A1 /* FacebookConnection.framework */ = {isa = PBXFileReference; lastKnownFileType = wrapper.framework; path = FacebookConnection.framework; sourceTree = "<group>"; };
		C8D74EC61B9422AD008666A1 /* MailConnection.framework */ = {isa = PBXFileReference; lastKnownFileType = wrapper.framework; path = MailConnection.framework; sourceTree = "<group>"; };
		C8D74EC71B9422AD008666A1 /* QQConnection.framework */ = {isa = PBXFileReference; lastKnownFileType = wrapper.framework; path = QQConnection.framework; sourceTree = "<group>"; };
		C8D74EC81B9422AD008666A1 /* QZoneConnection.framework */ = {isa = PBXFileReference; lastKnownFileType = wrapper.framework; path = QZoneConnection.framework; sourceTree = "<group>"; };
		C8D74EC91B9422AD008666A1 /* RenRenConnection.framework */ = {isa = PBXFileReference; lastKnownFileType = wrapper.framework; path = RenRenConnection.framework; sourceTree = "<group>"; };
		C8D74ECA1B9422AD008666A1 /* SinaWeiboConnection.framework */ = {isa = PBXFileReference; lastKnownFileType = wrapper.framework; path = SinaWeiboConnection.framework; sourceTree = "<group>"; };
		C8D74ECB1B9422AD008666A1 /* SMSConnection.framework */ = {isa = PBXFileReference; lastKnownFileType = wrapper.framework; path = SMSConnection.framework; sourceTree = "<group>"; };
		C8D74ECC1B9422AD008666A1 /* TencentWeiboConnection.framework */ = {isa = PBXFileReference; lastKnownFileType = wrapper.framework; path = TencentWeiboConnection.framework; sourceTree = "<group>"; };
		C8D74ECD1B9422AD008666A1 /* TwitterConnection.framework */ = {isa = PBXFileReference; lastKnownFileType = wrapper.framework; path = TwitterConnection.framework; sourceTree = "<group>"; };
		C8D74ECE1B9422AD008666A1 /* WeChatConnection.framework */ = {isa = PBXFileReference; lastKnownFileType = wrapper.framework; path = WeChatConnection.framework; sourceTree = "<group>"; };
		C8D74ED01B9422AD008666A1 /* AGCommon.framework */ = {isa = PBXFileReference; lastKnownFileType = wrapper.framework; path = AGCommon.framework; sourceTree = "<group>"; };
		C8D74ED21B9422AD008666A1 /* en */ = {isa = PBXFileReference; lastKnownFileType = text.plist.strings; name = en; path = en.lproj/ShareSDKLocalizable.strings; sourceTree = "<group>"; };
		C8D74ED31B9422AD008666A1 /* MOBFoundation.framework */ = {isa = PBXFileReference; lastKnownFileType = wrapper.framework; path = MOBFoundation.framework; sourceTree = "<group>"; };
		C8D74ED41B9422AD008666A1 /* Resource.bundle */ = {isa = PBXFileReference; lastKnownFileType = "wrapper.plug-in"; path = Resource.bundle; sourceTree = "<group>"; };
		C8D74ED51B9422AD008666A1 /* ShareSDKCoreService.framework */ = {isa = PBXFileReference; lastKnownFileType = wrapper.framework; path = ShareSDKCoreService.framework; sourceTree = "<group>"; };
		C8D74ED61B9422AD008666A1 /* zh-Hans */ = {isa = PBXFileReference; lastKnownFileType = text.plist.strings; name = "zh-Hans"; path = "zh-Hans.lproj/ShareSDKLocalizable.strings"; sourceTree = "<group>"; };
		C8D74ED91B9422AD008666A1 /* TencentOpenAPI.framework */ = {isa = PBXFileReference; lastKnownFileType = wrapper.framework; path = TencentOpenAPI.framework; sourceTree = "<group>"; };
		C8D74EDA1B9422AD008666A1 /* TencentOpenApi_IOS_Bundle.bundle */ = {isa = PBXFileReference; lastKnownFileType = "wrapper.plug-in"; path = TencentOpenApi_IOS_Bundle.bundle; sourceTree = "<group>"; };
		C8D74EDC1B9422AD008666A1 /* RennSDK.bundle */ = {isa = PBXFileReference; lastKnownFileType = "wrapper.plug-in"; path = RennSDK.bundle; sourceTree = "<group>"; };
		C8D74EDD1B9422AD008666A1 /* RennSDK.framework */ = {isa = PBXFileReference; lastKnownFileType = wrapper.framework; path = RennSDK.framework; sourceTree = "<group>"; };
		C8D74EDF1B9422AD008666A1 /* libWeiboSDK.a */ = {isa = PBXFileReference; lastKnownFileType = archive.ar; path = libWeiboSDK.a; sourceTree = "<group>"; };
		C8D74EE01B9422AD008666A1 /* WBHttpRequest+WeiboGame.h */ = {isa = PBXFileReference; fileEncoding = 4; lastKnownFileType = sourcecode.c.h; path = "WBHttpRequest+WeiboGame.h"; sourceTree = "<group>"; };
		C8D74EE11B9422AD008666A1 /* WBHttpRequest+WeiboShare.h */ = {isa = PBXFileReference; fileEncoding = 4; lastKnownFileType = sourcecode.c.h; path = "WBHttpRequest+WeiboShare.h"; sourceTree = "<group>"; };
		C8D74EE21B9422AD008666A1 /* WBHttpRequest+WeiboToken.h */ = {isa = PBXFileReference; fileEncoding = 4; lastKnownFileType = sourcecode.c.h; path = "WBHttpRequest+WeiboToken.h"; sourceTree = "<group>"; };
		C8D74EE31B9422AD008666A1 /* WBHttpRequest+WeiboUser.h */ = {isa = PBXFileReference; fileEncoding = 4; lastKnownFileType = sourcecode.c.h; path = "WBHttpRequest+WeiboUser.h"; sourceTree = "<group>"; };
		C8D74EE41B9422AD008666A1 /* WBHttpRequest.h */ = {isa = PBXFileReference; fileEncoding = 4; lastKnownFileType = sourcecode.c.h; path = WBHttpRequest.h; sourceTree = "<group>"; };
		C8D74EE51B9422AD008666A1 /* WBSDKBasicButton.h */ = {isa = PBXFileReference; fileEncoding = 4; lastKnownFileType = sourcecode.c.h; path = WBSDKBasicButton.h; sourceTree = "<group>"; };
		C8D74EE61B9422AD008666A1 /* WBSDKCommentButton.h */ = {isa = PBXFileReference; fileEncoding = 4; lastKnownFileType = sourcecode.c.h; path = WBSDKCommentButton.h; sourceTree = "<group>"; };
		C8D74EE71B9422AD008666A1 /* WBSDKRelationshipButton.h */ = {isa = PBXFileReference; fileEncoding = 4; lastKnownFileType = sourcecode.c.h; path = WBSDKRelationshipButton.h; sourceTree = "<group>"; };
		C8D74EE81B9422AD008666A1 /* WeiboSDK.bundle */ = {isa = PBXFileReference; lastKnownFileType = "wrapper.plug-in"; path = WeiboSDK.bundle; sourceTree = "<group>"; };
		C8D74EE91B9422AD008666A1 /* WeiboSDK.h */ = {isa = PBXFileReference; fileEncoding = 4; lastKnownFileType = sourcecode.c.h; path = WeiboSDK.h; sourceTree = "<group>"; };
		C8D74EEA1B9422AD008666A1 /* WeiboUser.h */ = {isa = PBXFileReference; fileEncoding = 4; lastKnownFileType = sourcecode.c.h; path = WeiboUser.h; sourceTree = "<group>"; };
		C8D74EEC1B9422AD008666A1 /* libWeChatSDK.a */ = {isa = PBXFileReference; lastKnownFileType = archive.ar; path = libWeChatSDK.a; sourceTree = "<group>"; };
		C8D74EED1B9422AD008666A1 /* WXApi.h */ = {isa = PBXFileReference; fileEncoding = 4; lastKnownFileType = sourcecode.c.h; path = WXApi.h; sourceTree = "<group>"; };
		C8D74EEE1B9422AD008666A1 /* WXApiObject.h */ = {isa = PBXFileReference; fileEncoding = 4; lastKnownFileType = sourcecode.c.h; path = WXApiObject.h; sourceTree = "<group>"; };
		C8D74EEF1B9422AD008666A1 /* ShareSDK.framework */ = {isa = PBXFileReference; lastKnownFileType = wrapper.framework; path = ShareSDK.framework; sourceTree = "<group>"; };
		C8D74EF11B9422AD008666A1 /* ShareSDKFlatShareViewUI.bundle */ = {isa = PBXFileReference; lastKnownFileType = "wrapper.plug-in"; path = ShareSDKFlatShareViewUI.bundle; sourceTree = "<group>"; };
		C8D74EF21B9422AD008666A1 /* ShareSDKFlatShareViewUI.framework */ = {isa = PBXFileReference; lastKnownFileType = wrapper.framework; path = ShareSDKFlatShareViewUI.framework; sourceTree = "<group>"; };
		C8D74EF31B9422AD008666A1 /* ShareSDKiPadDefaultShareViewUI.bundle */ = {isa = PBXFileReference; lastKnownFileType = "wrapper.plug-in"; path = ShareSDKiPadDefaultShareViewUI.bundle; sourceTree = "<group>"; };
		C8D74EF41B9422AD008666A1 /* ShareSDKiPadDefaultShareViewUI.framework */ = {isa = PBXFileReference; lastKnownFileType = wrapper.framework; path = ShareSDKiPadDefaultShareViewUI.framework; sourceTree = "<group>"; };
		C8D74EF51B9422AD008666A1 /* ShareSDKiPadSimpleShareViewUI.bundle */ = {isa = PBXFileReference; lastKnownFileType = "wrapper.plug-in"; path = ShareSDKiPadSimpleShareViewUI.bundle; sourceTree = "<group>"; };
		C8D74EF61B9422AD008666A1 /* ShareSDKiPadSimpleShareViewUI.framework */ = {isa = PBXFileReference; lastKnownFileType = wrapper.framework; path = ShareSDKiPadSimpleShareViewUI.framework; sourceTree = "<group>"; };
		C8D74EF71B9422AD008666A1 /* ShareSDKiPhoneAppRecommendShareViewUI.framework */ = {isa = PBXFileReference; lastKnownFileType = wrapper.framework; path = ShareSDKiPhoneAppRecommendShareViewUI.framework; sourceTree = "<group>"; };
		C8D74EF81B9422AD008666A1 /* ShareSDKiPhoneDefaultShareViewUI.bundle */ = {isa = PBXFileReference; lastKnownFileType = "wrapper.plug-in"; path = ShareSDKiPhoneDefaultShareViewUI.bundle; sourceTree = "<group>"; };
		C8D74EF91B9422AD008666A1 /* ShareSDKiPhoneDefaultShareViewUI.framework */ = {isa = PBXFileReference; lastKnownFileType = wrapper.framework; path = ShareSDKiPhoneDefaultShareViewUI.framework; sourceTree = "<group>"; };
		C8D74EFA1B9422AD008666A1 /* ShareSDKiPhoneSimpleShareViewUI.bundle */ = {isa = PBXFileReference; lastKnownFileType = "wrapper.plug-in"; path = ShareSDKiPhoneSimpleShareViewUI.bundle; sourceTree = "<group>"; };
		C8D74EFB1B9422AD008666A1 /* ShareSDKiPhoneSimpleShareViewUI.framework */ = {isa = PBXFileReference; lastKnownFileType = wrapper.framework; path = ShareSDKiPhoneSimpleShareViewUI.framework; sourceTree = "<group>"; };
		C8D74EFC1B9422AD008666A1 /* ShareSDKShareActionSheet.framework */ = {isa = PBXFileReference; lastKnownFileType = wrapper.framework; path = ShareSDKShareActionSheet.framework; sourceTree = "<group>"; };
		E5CF58411A4E9D19006F0552 /* ShareSDKEasyDemo.app */ = {isa = PBXFileReference; explicitFileType = wrapper.application; includeInIndex = 0; path = ShareSDKEasyDemo.app; sourceTree = BUILT_PRODUCTS_DIR; };
		E5CF58451A4E9D19006F0552 /* Info.plist */ = {isa = PBXFileReference; lastKnownFileType = text.plist.xml; path = Info.plist; sourceTree = "<group>"; };
		E5CF58461A4E9D19006F0552 /* main.m */ = {isa = PBXFileReference; lastKnownFileType = sourcecode.c.objc; path = main.m; sourceTree = "<group>"; };
		E5CF58481A4E9D19006F0552 /* AppDelegate.h */ = {isa = PBXFileReference; lastKnownFileType = sourcecode.c.h; path = AppDelegate.h; sourceTree = "<group>"; };
		E5CF58491A4E9D19006F0552 /* AppDelegate.m */ = {isa = PBXFileReference; lastKnownFileType = sourcecode.c.objc; path = AppDelegate.m; sourceTree = "<group>"; };
		E5CF584C1A4E9D19006F0552 /* ShareSDKEasyDemo.xcdatamodel */ = {isa = PBXFileReference; lastKnownFileType = wrapper.xcdatamodel; path = ShareSDKEasyDemo.xcdatamodel; sourceTree = "<group>"; };
		E5CF584E1A4E9D19006F0552 /* ViewController.h */ = {isa = PBXFileReference; lastKnownFileType = sourcecode.c.h; path = ViewController.h; sourceTree = "<group>"; };
		E5CF584F1A4E9D19006F0552 /* ViewController.m */ = {isa = PBXFileReference; lastKnownFileType = sourcecode.c.objc; path = ViewController.m; sourceTree = "<group>"; };
		E5CF58521A4E9D19006F0552 /* Base */ = {isa = PBXFileReference; lastKnownFileType = file.storyboard; name = Base; path = Base.lproj/Main.storyboard; sourceTree = "<group>"; };
		E5CF58541A4E9D19006F0552 /* Images.xcassets */ = {isa = PBXFileReference; lastKnownFileType = folder.assetcatalog; path = Images.xcassets; sourceTree = "<group>"; };
		E5CF58571A4E9D19006F0552 /* Base */ = {isa = PBXFileReference; lastKnownFileType = file.xib; name = Base; path = Base.lproj/LaunchScreen.xib; sourceTree = "<group>"; };
		E5CF59081A527C71006F0552 /* SystemConfiguration.framework */ = {isa = PBXFileReference; lastKnownFileType = wrapper.framework; name = SystemConfiguration.framework; path = System/Library/Frameworks/SystemConfiguration.framework; sourceTree = SDKROOT; };
		E5CF590A1A527C7C006F0552 /* QuartzCore.framework */ = {isa = PBXFileReference; lastKnownFileType = wrapper.framework; name = QuartzCore.framework; path = System/Library/Frameworks/QuartzCore.framework; sourceTree = SDKROOT; };
		E5CF590C1A527C88006F0552 /* CoreTelephony.framework */ = {isa = PBXFileReference; lastKnownFileType = wrapper.framework; name = CoreTelephony.framework; path = System/Library/Frameworks/CoreTelephony.framework; sourceTree = SDKROOT; };
		E5CF590E1A527C94006F0552 /* libicucore.dylib */ = {isa = PBXFileReference; lastKnownFileType = "compiled.mach-o.dylib"; name = libicucore.dylib; path = usr/lib/libicucore.dylib; sourceTree = SDKROOT; };
		E5CF59101A527CA0006F0552 /* libz.1.2.5.dylib */ = {isa = PBXFileReference; lastKnownFileType = "compiled.mach-o.dylib"; name = libz.1.2.5.dylib; path = usr/lib/libz.1.2.5.dylib; sourceTree = SDKROOT; };
		E5CF59121A527CAA006F0552 /* Security.framework */ = {isa = PBXFileReference; lastKnownFileType = wrapper.framework; name = Security.framework; path = System/Library/Frameworks/Security.framework; sourceTree = SDKROOT; };
		E5CF59161A527D0E006F0552 /* libstdc++.dylib */ = {isa = PBXFileReference; lastKnownFileType = "compiled.mach-o.dylib"; name = "libstdc++.dylib"; path = "usr/lib/libstdc++.dylib"; sourceTree = SDKROOT; };
		E5CF59181A527D1A006F0552 /* libsqlite3.dylib */ = {isa = PBXFileReference; lastKnownFileType = "compiled.mach-o.dylib"; name = libsqlite3.dylib; path = usr/lib/libsqlite3.dylib; sourceTree = SDKROOT; };
		E5CF591B1A527D51006F0552 /* Social.framework */ = {isa = PBXFileReference; lastKnownFileType = wrapper.framework; name = Social.framework; path = System/Library/Frameworks/Social.framework; sourceTree = SDKROOT; };
		E5CF591D1A527D57006F0552 /* Accounts.framework */ = {isa = PBXFileReference; lastKnownFileType = wrapper.framework; name = Accounts.framework; path = System/Library/Frameworks/Accounts.framework; sourceTree = SDKROOT; };
		E5CF59201A527D7F006F0552 /* MessageUI.framework */ = {isa = PBXFileReference; lastKnownFileType = wrapper.framework; name = MessageUI.framework; path = System/Library/Frameworks/MessageUI.framework; sourceTree = SDKROOT; };
		E5CF59221A528E4F006F0552 /* ShareSDK.jpg */ = {isa = PBXFileReference; lastKnownFileType = image.jpeg; path = ShareSDK.jpg; sourceTree = "<group>"; };
		E5E055BC1A8C5196003784E5 /* ImageIO.framework */ = {isa = PBXFileReference; lastKnownFileType = wrapper.framework; name = ImageIO.framework; path = System/Library/Frameworks/ImageIO.framework; sourceTree = SDKROOT; };
/* End PBXFileReference section */

/* Begin PBXFrameworksBuildPhase section */
		E5CF583E1A4E9D19006F0552 /* Frameworks */ = {
			isa = PBXFrameworksBuildPhase;
			buildActionMask = 2147483647;
			files = (
				C844AAF21B8D7D210066926E /* JavaScriptCore.framework in Frameworks */,
				E5E055BE1A8C51C2003784E5 /* ImageIO.framework in Frameworks */,
				C8D74F071B9422AD008666A1 /* WeChatConnection.framework in Frameworks */,
				C8D74F201B9422AD008666A1 /* ShareSDKShareActionSheet.framework in Frameworks */,
				C8D74F1A1B9422AD008666A1 /* ShareSDKiPadSimpleShareViewUI.framework in Frameworks */,
				C8D74F141B9422AD008666A1 /* ShareSDK.framework in Frameworks */,
				E5CF591C1A527D51006F0552 /* Social.framework in Frameworks */,
				C8D74F041B9422AD008666A1 /* SMSConnection.framework in Frameworks */,
				C8D74F101B9422AD008666A1 /* RennSDK.framework in Frameworks */,
				C8D74F0D1B9422AD008666A1 /* TencentOpenAPI.framework in Frameworks */,
				C8D74F1D1B9422AD008666A1 /* ShareSDKiPhoneDefaultShareViewUI.framework in Frameworks */,
				C8D74EFD1B9422AD008666A1 /* CopyConnection.framework in Frameworks */,
				C8D74F1F1B9422AD008666A1 /* ShareSDKiPhoneSimpleShareViewUI.framework in Frameworks */,
				C8D74F081B9422AD008666A1 /* AGCommon.framework in Frameworks */,
				C8D74EFE1B9422AD008666A1 /* FacebookConnection.framework in Frameworks */,
				C8D74F051B9422AD008666A1 /* TencentWeiboConnection.framework in Frameworks */,
				C8D74F161B9422AD008666A1 /* ShareSDKFlatShareViewUI.framework in Frameworks */,
				E5CF59211A527D7F006F0552 /* MessageUI.framework in Frameworks */,
				E5CF591E1A527D57006F0552 /* Accounts.framework in Frameworks */,
				C8D74EFF1B9422AD008666A1 /* MailConnection.framework in Frameworks */,
				C8D74F061B9422AD008666A1 /* TwitterConnection.framework in Frameworks */,
				C8D74F1B1B9422AD008666A1 /* ShareSDKiPhoneAppRecommendShareViewUI.framework in Frameworks */,
				C8D74F011B9422AD008666A1 /* QZoneConnection.framework in Frameworks */,
				C8D74F0A1B9422AD008666A1 /* MOBFoundation.framework in Frameworks */,
				C8D74F001B9422AD008666A1 /* QQConnection.framework in Frameworks */,
				C8D74F131B9422AD008666A1 /* libWeChatSDK.a in Frameworks */,
				E5CF59191A527D1A006F0552 /* libsqlite3.dylib in Frameworks */,
				C8D74F021B9422AD008666A1 /* RenRenConnection.framework in Frameworks */,
				E5CF59171A527D0E006F0552 /* libstdc++.dylib in Frameworks */,
				C8D74F181B9422AD008666A1 /* ShareSDKiPadDefaultShareViewUI.framework in Frameworks */,
				E5CF59131A527CAA006F0552 /* Security.framework in Frameworks */,
				E5CF59111A527CA0006F0552 /* libz.1.2.5.dylib in Frameworks */,
				E5CF590F1A527C94006F0552 /* libicucore.dylib in Frameworks */,
				E5CF590D1A527C88006F0552 /* CoreTelephony.framework in Frameworks */,
				C8D74F111B9422AD008666A1 /* libWeiboSDK.a in Frameworks */,
				E5CF590B1A527C7C006F0552 /* QuartzCore.framework in Frameworks */,
				C8D74F031B9422AD008666A1 /* SinaWeiboConnection.framework in Frameworks */,
				C8D74F0C1B9422AD008666A1 /* ShareSDKCoreService.framework in Frameworks */,
				E5CF59091A527C71006F0552 /* SystemConfiguration.framework in Frameworks */,
			);
			runOnlyForDeploymentPostprocessing = 0;
		};
/* End PBXFrameworksBuildPhase section */

/* Begin PBXGroup section */
		C8D74EC21B9422AD008666A1 /* ShareSDK */ = {
			isa = PBXGroup;
			children = (
				C8D74EC31B9422AD008666A1 /* Connection */,
				C8D74ECF1B9422AD008666A1 /* Core */,
				C8D74ED71B9422AD008666A1 /* Extend */,
				C8D74EEF1B9422AD008666A1 /* ShareSDK.framework */,
				C8D74EF01B9422AD008666A1 /* UI */,
			);
			path = ShareSDK;
			sourceTree = "<group>";
		};
		C8D74EC31B9422AD008666A1 /* Connection */ = {
			isa = PBXGroup;
			children = (
				C8D74EC41B9422AD008666A1 /* CopyConnection.framework */,
				C8D74EC51B9422AD008666A1 /* FacebookConnection.framework */,
				C8D74EC61B9422AD008666A1 /* MailConnection.framework */,
				C8D74EC71B9422AD008666A1 /* QQConnection.framework */,
				C8D74EC81B9422AD008666A1 /* QZoneConnection.framework */,
				C8D74EC91B9422AD008666A1 /* RenRenConnection.framework */,
				C8D74ECA1B9422AD008666A1 /* SinaWeiboConnection.framework */,
				C8D74ECB1B9422AD008666A1 /* SMSConnection.framework */,
				C8D74ECC1B9422AD008666A1 /* TencentWeiboConnection.framework */,
				C8D74ECD1B9422AD008666A1 /* TwitterConnection.framework */,
				C8D74ECE1B9422AD008666A1 /* WeChatConnection.framework */,
			);
			path = Connection;
			sourceTree = "<group>";
		};
		C8D74ECF1B9422AD008666A1 /* Core */ = {
			isa = PBXGroup;
			children = (
				C8D74ED01B9422AD008666A1 /* AGCommon.framework */,
				C8D74ED11B9422AD008666A1 /* ShareSDKLocalizable.strings */,
				C8D74ED31B9422AD008666A1 /* MOBFoundation.framework */,
				C8D74ED41B9422AD008666A1 /* Resource.bundle */,
				C8D74ED51B9422AD008666A1 /* ShareSDKCoreService.framework */,
			);
			path = Core;
			sourceTree = "<group>";
		};
		C8D74ED71B9422AD008666A1 /* Extend */ = {
			isa = PBXGroup;
			children = (
				C8D74ED81B9422AD008666A1 /* QQConnectSDK */,
				C8D74EDB1B9422AD008666A1 /* RenRenSDK */,
				C8D74EDE1B9422AD008666A1 /* SinaWeiboSDK */,
				C8D74EEB1B9422AD008666A1 /* WeChatSDK */,
			);
			path = Extend;
			sourceTree = "<group>";
		};
		C8D74ED81B9422AD008666A1 /* QQConnectSDK */ = {
			isa = PBXGroup;
			children = (
				C8D74ED91B9422AD008666A1 /* TencentOpenAPI.framework */,
				C8D74EDA1B9422AD008666A1 /* TencentOpenApi_IOS_Bundle.bundle */,
			);
			path = QQConnectSDK;
			sourceTree = "<group>";
		};
		C8D74EDB1B9422AD008666A1 /* RenRenSDK */ = {
			isa = PBXGroup;
			children = (
				C8D74EDC1B9422AD008666A1 /* RennSDK.bundle */,
				C8D74EDD1B9422AD008666A1 /* RennSDK.framework */,
			);
			path = RenRenSDK;
			sourceTree = "<group>";
		};
		C8D74EDE1B9422AD008666A1 /* SinaWeiboSDK */ = {
			isa = PBXGroup;
			children = (
				C8D74EDF1B9422AD008666A1 /* libWeiboSDK.a */,
				C8D74EE01B9422AD008666A1 /* WBHttpRequest+WeiboGame.h */,
				C8D74EE11B9422AD008666A1 /* WBHttpRequest+WeiboShare.h */,
				C8D74EE21B9422AD008666A1 /* WBHttpRequest+WeiboToken.h */,
				C8D74EE31B9422AD008666A1 /* WBHttpRequest+WeiboUser.h */,
				C8D74EE41B9422AD008666A1 /* WBHttpRequest.h */,
				C8D74EE51B9422AD008666A1 /* WBSDKBasicButton.h */,
				C8D74EE61B9422AD008666A1 /* WBSDKCommentButton.h */,
				C8D74EE71B9422AD008666A1 /* WBSDKRelationshipButton.h */,
				C8D74EE81B9422AD008666A1 /* WeiboSDK.bundle */,
				C8D74EE91B9422AD008666A1 /* WeiboSDK.h */,
				C8D74EEA1B9422AD008666A1 /* WeiboUser.h */,
			);
			path = SinaWeiboSDK;
			sourceTree = "<group>";
		};
		C8D74EEB1B9422AD008666A1 /* WeChatSDK */ = {
			isa = PBXGroup;
			children = (
				C8D74EEC1B9422AD008666A1 /* libWeChatSDK.a */,
				C8D74EED1B9422AD008666A1 /* WXApi.h */,
				C8D74EEE1B9422AD008666A1 /* WXApiObject.h */,
			);
			path = WeChatSDK;
			sourceTree = "<group>";
		};
		C8D74EF01B9422AD008666A1 /* UI */ = {
			isa = PBXGroup;
			children = (
				C8D74EF11B9422AD008666A1 /* ShareSDKFlatShareViewUI.bundle */,
				C8D74EF21B9422AD008666A1 /* ShareSDKFlatShareViewUI.framework */,
				C8D74EF31B9422AD008666A1 /* ShareSDKiPadDefaultShareViewUI.bundle */,
				C8D74EF41B9422AD008666A1 /* ShareSDKiPadDefaultShareViewUI.framework */,
				C8D74EF51B9422AD008666A1 /* ShareSDKiPadSimpleShareViewUI.bundle */,
				C8D74EF61B9422AD008666A1 /* ShareSDKiPadSimpleShareViewUI.framework */,
				C8D74EF71B9422AD008666A1 /* ShareSDKiPhoneAppRecommendShareViewUI.framework */,
				C8D74EF81B9422AD008666A1 /* ShareSDKiPhoneDefaultShareViewUI.bundle */,
				C8D74EF91B9422AD008666A1 /* ShareSDKiPhoneDefaultShareViewUI.framework */,
				C8D74EFA1B9422AD008666A1 /* ShareSDKiPhoneSimpleShareViewUI.bundle */,
				C8D74EFB1B9422AD008666A1 /* ShareSDKiPhoneSimpleShareViewUI.framework */,
				C8D74EFC1B9422AD008666A1 /* ShareSDKShareActionSheet.framework */,
			);
			path = UI;
			sourceTree = "<group>";
		};
		E5CF58381A4E9D19006F0552 = {
			isa = PBXGroup;
			children = (
				E5CF58431A4E9D19006F0552 /* ShareSDKEasyDemo */,
				E5CF58421A4E9D19006F0552 /* Products */,
			);
			sourceTree = "<group>";
		};
		E5CF58421A4E9D19006F0552 /* Products */ = {
			isa = PBXGroup;
			children = (
				E5CF58411A4E9D19006F0552 /* ShareSDKEasyDemo.app */,
			);
			name = Products;
			sourceTree = "<group>";
		};
		E5CF58431A4E9D19006F0552 /* ShareSDKEasyDemo */ = {
			isa = PBXGroup;
			children = (
				C8D74EC21B9422AD008666A1 /* ShareSDK */,
				E5CF58481A4E9D19006F0552 /* AppDelegate.h */,
				E5CF58491A4E9D19006F0552 /* AppDelegate.m */,
				E5CF584E1A4E9D19006F0552 /* ViewController.h */,
				E5CF584F1A4E9D19006F0552 /* ViewController.m */,
				E5CF58511A4E9D19006F0552 /* Main.storyboard */,
				E5CF58541A4E9D19006F0552 /* Images.xcassets */,
				E5CF58561A4E9D19006F0552 /* LaunchScreen.xib */,
				E5CF584B1A4E9D19006F0552 /* ShareSDKEasyDemo.xcdatamodeld */,
				E5CF59221A528E4F006F0552 /* ShareSDK.jpg */,
				E5CF59141A527CCA006F0552 /* BasicFramework */,
				E5CF58441A4E9D19006F0552 /* Supporting Files */,
			);
			path = ShareSDKEasyDemo;
			sourceTree = "<group>";
		};
		E5CF58441A4E9D19006F0552 /* Supporting Files */ = {
			isa = PBXGroup;
			children = (
				E5CF58451A4E9D19006F0552 /* Info.plist */,
				E5CF58461A4E9D19006F0552 /* main.m */,
			);
			name = "Supporting Files";
			sourceTree = "<group>";
		};
		E5CF59141A527CCA006F0552 /* BasicFramework */ = {
			isa = PBXGroup;
			children = (
				C844AAF11B8D7D210066926E /* JavaScriptCore.framework */,
				E5E055BC1A8C5196003784E5 /* ImageIO.framework */,
				E5CF591F1A527D5E006F0552 /* SMSEmailNeedFramework */,
				E5CF591A1A527D27006F0552 /* TencentWeiboNeedFramework */,
				E5CF59151A527CEF006F0552 /* QQNeedFramework */,
				E5CF59121A527CAA006F0552 /* Security.framework */,
				E5CF59101A527CA0006F0552 /* libz.1.2.5.dylib */,
				E5CF590E1A527C94006F0552 /* libicucore.dylib */,
				E5CF590C1A527C88006F0552 /* CoreTelephony.framework */,
				E5CF590A1A527C7C006F0552 /* QuartzCore.framework */,
				E5CF59081A527C71006F0552 /* SystemConfiguration.framework */,
			);
			name = BasicFramework;
			path = ..;
			sourceTree = "<group>";
		};
		E5CF59151A527CEF006F0552 /* QQNeedFramework */ = {
			isa = PBXGroup;
			children = (
				E5CF59181A527D1A006F0552 /* libsqlite3.dylib */,
				E5CF59161A527D0E006F0552 /* libstdc++.dylib */,
			);
			name = QQNeedFramework;
			sourceTree = "<group>";
		};
		E5CF591A1A527D27006F0552 /* TencentWeiboNeedFramework */ = {
			isa = PBXGroup;
			children = (
				E5CF591D1A527D57006F0552 /* Accounts.framework */,
				E5CF591B1A527D51006F0552 /* Social.framework */,
			);
			name = TencentWeiboNeedFramework;
			sourceTree = "<group>";
		};
		E5CF591F1A527D5E006F0552 /* SMSEmailNeedFramework */ = {
			isa = PBXGroup;
			children = (
				E5CF59201A527D7F006F0552 /* MessageUI.framework */,
			);
			name = SMSEmailNeedFramework;
			sourceTree = "<group>";
		};
/* End PBXGroup section */

/* Begin PBXNativeTarget section */
		E5CF58401A4E9D19006F0552 /* ShareSDKEasyDemo */ = {
			isa = PBXNativeTarget;
			buildConfigurationList = E5CF58671A4E9D19006F0552 /* Build configuration list for PBXNativeTarget "ShareSDKEasyDemo" */;
			buildPhases = (
				E5CF583D1A4E9D19006F0552 /* Sources */,
				E5CF583E1A4E9D19006F0552 /* Frameworks */,
				E5CF583F1A4E9D19006F0552 /* Resources */,
			);
			buildRules = (
			);
			dependencies = (
			);
			name = ShareSDKEasyDemo;
			productName = ShareSDKEasyDemo;
			productReference = E5CF58411A4E9D19006F0552 /* ShareSDKEasyDemo.app */;
			productType = "com.apple.product-type.application";
		};
/* End PBXNativeTarget section */

/* Begin PBXProject section */
		E5CF58391A4E9D19006F0552 /* Project object */ = {
			isa = PBXProject;
			attributes = {
				LastUpgradeCheck = 0610;
				ORGANIZATIONNAME = "Code4App co.Ltd.";
				TargetAttributes = {
					E5CF58401A4E9D19006F0552 = {
						CreatedOnToolsVersion = 6.1;
					};
				};
			};
			buildConfigurationList = E5CF583C1A4E9D19006F0552 /* Build configuration list for PBXProject "ShareSDKEasyDemo" */;
			compatibilityVersion = "Xcode 3.2";
			developmentRegion = English;
			hasScannedForEncodings = 0;
			knownRegions = (
				en,
				Base,
				"zh-Hans",
			);
			mainGroup = E5CF58381A4E9D19006F0552;
			productRefGroup = E5CF58421A4E9D19006F0552 /* Products */;
			projectDirPath = "";
			projectRoot = "";
			targets = (
				E5CF58401A4E9D19006F0552 /* ShareSDKEasyDemo */,
			);
		};
/* End PBXProject section */

/* Begin PBXResourcesBuildPhase section */
		E5CF583F1A4E9D19006F0552 /* Resources */ = {
			isa = PBXResourcesBuildPhase;
			buildActionMask = 2147483647;
			files = (
				C8D74F1E1B9422AD008666A1 /* ShareSDKiPhoneSimpleShareViewUI.bundle in Resources */,
				E5CF59231A528E4F006F0552 /* ShareSDK.jpg in Resources */,
				E5CF58531A4E9D19006F0552 /* Main.storyboard in Resources */,
				C8D74F171B9422AD008666A1 /* ShareSDKiPadDefaultShareViewUI.bundle in Resources */,
				C8D74F091B9422AD008666A1 /* ShareSDKLocalizable.strings in Resources */,
				C8D74F0F1B9422AD008666A1 /* RennSDK.bundle in Resources */,
				C8D74F0B1B9422AD008666A1 /* Resource.bundle in Resources */,
				C8D74F1C1B9422AD008666A1 /* ShareSDKiPhoneDefaultShareViewUI.bundle in Resources */,
				C8D74F121B9422AD008666A1 /* WeiboSDK.bundle in Resources */,
				C8D74F0E1B9422AD008666A1 /* TencentOpenApi_IOS_Bundle.bundle in Resources */,
				E5CF58581A4E9D19006F0552 /* LaunchScreen.xib in Resources */,
				C8D74F191B9422AD008666A1 /* ShareSDKiPadSimpleShareViewUI.bundle in Resources */,
				C8D74F151B9422AD008666A1 /* ShareSDKFlatShareViewUI.bundle in Resources */,
				E5CF58551A4E9D19006F0552 /* Images.xcassets in Resources */,
			);
			runOnlyForDeploymentPostprocessing = 0;
		};
/* End PBXResourcesBuildPhase section */

/* Begin PBXSourcesBuildPhase section */
		E5CF583D1A4E9D19006F0552 /* Sources */ = {
			isa = PBXSourcesBuildPhase;
			buildActionMask = 2147483647;
			files = (
				E5CF584D1A4E9D19006F0552 /* ShareSDKEasyDemo.xcdatamodeld in Sources */,
				E5CF584A1A4E9D19006F0552 /* AppDelegate.m in Sources */,
				E5CF58501A4E9D19006F0552 /* ViewController.m in Sources */,
				E5CF58471A4E9D19006F0552 /* main.m in Sources */,
			);
			runOnlyForDeploymentPostprocessing = 0;
		};
/* End PBXSourcesBuildPhase section */

/* Begin PBXVariantGroup section */
		C8D74ED11B9422AD008666A1 /* ShareSDKLocalizable.strings */ = {
			isa = PBXVariantGroup;
			children = (
				C8D74ED21B9422AD008666A1 /* en */,
				C8D74ED61B9422AD008666A1 /* zh-Hans */,
			);
			name = ShareSDKLocalizable.strings;
			sourceTree = "<group>";
		};
		E5CF58511A4E9D19006F0552 /* Main.storyboard */ = {
			isa = PBXVariantGroup;
			children = (
				E5CF58521A4E9D19006F0552 /* Base */,
			);
			name = Main.storyboard;
			sourceTree = "<group>";
		};
		E5CF58561A4E9D19006F0552 /* LaunchScreen.xib */ = {
			isa = PBXVariantGroup;
			children = (
				E5CF58571A4E9D19006F0552 /* Base */,
			);
			name = LaunchScreen.xib;
			sourceTree = "<group>";
		};
/* End PBXVariantGroup section */

/* Begin XCBuildConfiguration section */
		E5CF58651A4E9D19006F0552 /* Debug */ = {
			isa = XCBuildConfiguration;
			buildSettings = {
				ALWAYS_SEARCH_USER_PATHS = NO;
				CLANG_CXX_LANGUAGE_STANDARD = "gnu++0x";
				CLANG_CXX_LIBRARY = "libc++";
				CLANG_ENABLE_MODULES = YES;
				CLANG_ENABLE_OBJC_ARC = YES;
				CLANG_WARN_BOOL_CONVERSION = YES;
				CLANG_WARN_CONSTANT_CONVERSION = YES;
				CLANG_WARN_DIRECT_OBJC_ISA_USAGE = YES_ERROR;
				CLANG_WARN_EMPTY_BODY = YES;
				CLANG_WARN_ENUM_CONVERSION = YES;
				CLANG_WARN_INT_CONVERSION = YES;
				CLANG_WARN_OBJC_ROOT_CLASS = YES_ERROR;
				CLANG_WARN_UNREACHABLE_CODE = YES;
				CLANG_WARN__DUPLICATE_METHOD_MATCH = YES;
				CODE_SIGN_IDENTITY = "";
				"CODE_SIGN_IDENTITY[sdk=iphoneos*]" = "iPhone Developer";
				COPY_PHASE_STRIP = NO;
				ENABLE_STRICT_OBJC_MSGSEND = YES;
				GCC_C_LANGUAGE_STANDARD = gnu99;
				GCC_DYNAMIC_NO_PIC = NO;
				GCC_OPTIMIZATION_LEVEL = 0;
				GCC_PREPROCESSOR_DEFINITIONS = (
					"DEBUG=1",
					"$(inherited)",
				);
				GCC_SYMBOLS_PRIVATE_EXTERN = NO;
				GCC_WARN_64_TO_32_BIT_CONVERSION = YES;
				GCC_WARN_ABOUT_RETURN_TYPE = YES_ERROR;
				GCC_WARN_UNDECLARED_SELECTOR = YES;
				GCC_WARN_UNINITIALIZED_AUTOS = YES_AGGRESSIVE;
				GCC_WARN_UNUSED_FUNCTION = YES;
				GCC_WARN_UNUSED_VARIABLE = YES;
				IPHONEOS_DEPLOYMENT_TARGET = 8.1;
				MTL_ENABLE_DEBUG_INFO = YES;
				ONLY_ACTIVE_ARCH = YES;
				PROVISIONING_PROFILE = "";
				SDKROOT = iphoneos;
			};
			name = Debug;
		};
		E5CF58661A4E9D19006F0552 /* Release */ = {
			isa = XCBuildConfiguration;
			buildSettings = {
				ALWAYS_SEARCH_USER_PATHS = NO;
				CLANG_CXX_LANGUAGE_STANDARD = "gnu++0x";
				CLANG_CXX_LIBRARY = "libc++";
				CLANG_ENABLE_MODULES = YES;
				CLANG_ENABLE_OBJC_ARC = YES;
				CLANG_WARN_BOOL_CONVERSION = YES;
				CLANG_WARN_CONSTANT_CONVERSION = YES;
				CLANG_WARN_DIRECT_OBJC_ISA_USAGE = YES_ERROR;
				CLANG_WARN_EMPTY_BODY = YES;
				CLANG_WARN_ENUM_CONVERSION = YES;
				CLANG_WARN_INT_CONVERSION = YES;
				CLANG_WARN_OBJC_ROOT_CLASS = YES_ERROR;
				CLANG_WARN_UNREACHABLE_CODE = YES;
				CLANG_WARN__DUPLICATE_METHOD_MATCH = YES;
				CODE_SIGN_IDENTITY = "";
				"CODE_SIGN_IDENTITY[sdk=iphoneos*]" = "iPhone Developer";
				COPY_PHASE_STRIP = YES;
				ENABLE_NS_ASSERTIONS = NO;
				ENABLE_STRICT_OBJC_MSGSEND = YES;
				GCC_C_LANGUAGE_STANDARD = gnu99;
				GCC_WARN_64_TO_32_BIT_CONVERSION = YES;
				GCC_WARN_ABOUT_RETURN_TYPE = YES_ERROR;
				GCC_WARN_UNDECLARED_SELECTOR = YES;
				GCC_WARN_UNINITIALIZED_AUTOS = YES_AGGRESSIVE;
				GCC_WARN_UNUSED_FUNCTION = YES;
				GCC_WARN_UNUSED_VARIABLE = YES;
				IPHONEOS_DEPLOYMENT_TARGET = 8.1;
				MTL_ENABLE_DEBUG_INFO = NO;
				PROVISIONING_PROFILE = "";
				SDKROOT = iphoneos;
				VALIDATE_PRODUCT = YES;
			};
			name = Release;
		};
		E5CF58681A4E9D19006F0552 /* Debug */ = {
			isa = XCBuildConfiguration;
			buildSettings = {
				ASSETCATALOG_COMPILER_APPICON_NAME = AppIcon;
				CODE_SIGN_IDENTITY = "";
				"CODE_SIGN_IDENTITY[sdk=iphoneos*]" = "iPhone Developer";
				FRAMEWORK_SEARCH_PATHS = (
					"$(inherited)",
					"$(PROJECT_DIR)/ShareSDKEasyDemo/ShareSDK/Connection",
					"$(PROJECT_DIR)/ShareSDKEasyDemo/ShareSDK/Core",
					"$(PROJECT_DIR)/ShareSDKEasyDemo/ShareSDK/Extend/QQConnectSDK",
					"$(PROJECT_DIR)/ShareSDKEasyDemo/ShareSDK/Extend/RenRenSDK",
					"$(PROJECT_DIR)/ShareSDKEasyDemo/ShareSDK",
					"$(PROJECT_DIR)/ShareSDKEasyDemo/ShareSDK/UI",
				);
				INFOPLIST_FILE = ShareSDKEasyDemo/Info.plist;
				IPHONEOS_DEPLOYMENT_TARGET = 8.1;
				LD_RUNPATH_SEARCH_PATHS = "$(inherited) @executable_path/Frameworks";
				LIBRARY_SEARCH_PATHS = (
					"$(inherited)",
					"$(PROJECT_DIR)/ShareSDKEasyDemo/ShareSDK/Extend/SinaWeiboSDK",
					"$(PROJECT_DIR)/ShareSDKEasyDemo/ShareSDK/Extend/WeChatSDK",
				);
				OTHER_LDFLAGS = "-ObjC";
				PRODUCT_NAME = "$(TARGET_NAME)";
				PROVISIONING_PROFILE = "";
			};
			name = Debug;
		};
		E5CF58691A4E9D19006F0552 /* Release */ = {
			isa = XCBuildConfiguration;
			buildSettings = {
				ASSETCATALOG_COMPILER_APPICON_NAME = AppIcon;
				CODE_SIGN_IDENTITY = "";
				"CODE_SIGN_IDENTITY[sdk=iphoneos*]" = "iPhone Developer";
				FRAMEWORK_SEARCH_PATHS = (
					"$(inherited)",
					"$(PROJECT_DIR)/ShareSDKEasyDemo/ShareSDK/Connection",
					"$(PROJECT_DIR)/ShareSDKEasyDemo/ShareSDK/Core",
					"$(PROJECT_DIR)/ShareSDKEasyDemo/ShareSDK/Extend/QQConnectSDK",
					"$(PROJECT_DIR)/ShareSDKEasyDemo/ShareSDK/Extend/RenRenSDK",
					"$(PROJECT_DIR)/ShareSDKEasyDemo/ShareSDK",
					"$(PROJECT_DIR)/ShareSDKEasyDemo/ShareSDK/UI",
				);
				INFOPLIST_FILE = ShareSDKEasyDemo/Info.plist;
				IPHONEOS_DEPLOYMENT_TARGET = 8.1;
				LD_RUNPATH_SEARCH_PATHS = "$(inherited) @executable_path/Frameworks";
				LIBRARY_SEARCH_PATHS = (
					"$(inherited)",
					"$(PROJECT_DIR)/ShareSDKEasyDemo/ShareSDK/Extend/SinaWeiboSDK",
					"$(PROJECT_DIR)/ShareSDKEasyDemo/ShareSDK/Extend/WeChatSDK",
				);
				OTHER_LDFLAGS = "-ObjC";
				PRODUCT_NAME = "$(TARGET_NAME)";
				PROVISIONING_PROFILE = "";
			};
			name = Release;
		};
/* End XCBuildConfiguration section */

/* Begin XCConfigurationList section */
		E5CF583C1A4E9D19006F0552 /* Build configuration list for PBXProject "ShareSDKEasyDemo" */ = {
			isa = XCConfigurationList;
			buildConfigurations = (
				E5CF58651A4E9D19006F0552 /* Debug */,
				E5CF58661A4E9D19006F0552 /* Release */,
			);
			defaultConfigurationIsVisible = 0;
			defaultConfigurationName = Release;
		};
		E5CF58671A4E9D19006F0552 /* Build configuration list for PBXNativeTarget "ShareSDKEasyDemo" */ = {
			isa = XCConfigurationList;
			buildConfigurations = (
				E5CF58681A4E9D19006F0552 /* Debug */,
				E5CF58691A4E9D19006F0552 /* Release */,
			);
			defaultConfigurationIsVisible = 0;
			defaultConfigurationName = Release;
		};
/* End XCConfigurationList section */

/* Begin XCVersionGroup section */
		E5CF584B1A4E9D19006F0552 /* ShareSDKEasyDemo.xcdatamodeld */ = {
			isa = XCVersionGroup;
			children = (
				E5CF584C1A4E9D19006F0552 /* ShareSDKEasyDemo.xcdatamodel */,
			);
			currentVersion = E5CF584C1A4E9D19006F0552 /* ShareSDKEasyDemo.xcdatamodel */;
			path = ShareSDKEasyDemo.xcdatamodeld;
			sourceTree = "<group>";
			versionGroupType = wrapper.xcdatamodel;
		};
/* End XCVersionGroup section */
	};
	rootObject = E5CF58391A4E9D19006F0552 /* Project object */;
}
